// !$*UTF8*$!
{
	archiveVersion = 1;
	classes = {
	};
	objectVersion = 48;
	objects = {

/* Begin PBXBuildFile section */
		E2C85EC21FCD0FE900630EA0 /* BeersViewController.swift in Sources */ = {isa = PBXBuildFile; fileRef = E2C85EC11FCD0FE900630EA0 /* BeersViewController.swift */; };
		E2C85EC41FCD0FFF00630EA0 /* Beer.swift in Sources */ = {isa = PBXBuildFile; fileRef = E2C85EC31FCD0FFF00630EA0 /* Beer.swift */; };
		E2C85EC61FCD113700630EA0 /* BeerAPIClient.swift in Sources */ = {isa = PBXBuildFile; fileRef = E2C85EC51FCD113700630EA0 /* BeerAPIClient.swift */; };
		E2C85EC81FCD14A400630EA0 /* DetailedBeerViewController.swift in Sources */ = {isa = PBXBuildFile; fileRef = E2C85EC71FCD14A400630EA0 /* DetailedBeerViewController.swift */; };
		E2EDF7FF1FCCA22800C06320 /* AppDelegate.swift in Sources */ = {isa = PBXBuildFile; fileRef = E2EDF7FE1FCCA22800C06320 /* AppDelegate.swift */; };
		E2EDF8041FCCA22800C06320 /* Main.storyboard in Resources */ = {isa = PBXBuildFile; fileRef = E2EDF8021FCCA22800C06320 /* Main.storyboard */; };
		E2EDF8061FCCA22800C06320 /* Assets.xcassets in Resources */ = {isa = PBXBuildFile; fileRef = E2EDF8051FCCA22800C06320 /* Assets.xcassets */; };
		E2EDF8091FCCA22800C06320 /* LaunchScreen.storyboard in Resources */ = {isa = PBXBuildFile; fileRef = E2EDF8071FCCA22800C06320 /* LaunchScreen.storyboard */; };
		E2EDF8141FCCA2CA00C06320 /* GhibliFilmsViewController.swift in Sources */ = {isa = PBXBuildFile; fileRef = E2EDF8131FCCA2CA00C06320 /* GhibliFilmsViewController.swift */; };
		E2EDF8161FCCA30600C06320 /* Film.swift in Sources */ = {isa = PBXBuildFile; fileRef = E2EDF8151FCCA30600C06320 /* Film.swift */; };
		E2EDF8181FCCA31900C06320 /* GhibliFilmAPIClient.swift in Sources */ = {isa = PBXBuildFile; fileRef = E2EDF8171FCCA31900C06320 /* GhibliFilmAPIClient.swift */; };
		E2EDF81A1FCCA52100C06320 /* NetworkHelper.swift in Sources */ = {isa = PBXBuildFile; fileRef = E2EDF8191FCCA52100C06320 /* NetworkHelper.swift */; };
		E2EDF81C1FCCAA6000C06320 /* DetailedGhibliFilmsViewController.swift in Sources */ = {isa = PBXBuildFile; fileRef = E2EDF81B1FCCAA6000C06320 /* DetailedGhibliFilmsViewController.swift */; };
		E2EDF81E1FCCBA0000C06320 /* CurrencyConverterViewController.swift in Sources */ = {isa = PBXBuildFile; fileRef = E2EDF81D1FCCBA0000C06320 /* CurrencyConverterViewController.swift */; };
		E2EDF8201FCCBB5100C06320 /* Currency.swift in Sources */ = {isa = PBXBuildFile; fileRef = E2EDF81F1FCCBB5100C06320 /* Currency.swift */; };
		E2EDF8221FCCC78400C06320 /* CurrencyAPIClient.swift in Sources */ = {isa = PBXBuildFile; fileRef = E2EDF8211FCCC78400C06320 /* CurrencyAPIClient.swift */; };
/* End PBXBuildFile section */

/* Begin PBXFileReference section */
		E2C85EC11FCD0FE900630EA0 /* BeersViewController.swift */ = {isa = PBXFileReference; lastKnownFileType = sourcecode.swift; path = BeersViewController.swift; sourceTree = "<group>"; };
		E2C85EC31FCD0FFF00630EA0 /* Beer.swift */ = {isa = PBXFileReference; lastKnownFileType = sourcecode.swift; path = Beer.swift; sourceTree = "<group>"; };
		E2C85EC51FCD113700630EA0 /* BeerAPIClient.swift */ = {isa = PBXFileReference; lastKnownFileType = sourcecode.swift; path = BeerAPIClient.swift; sourceTree = "<group>"; };
		E2C85EC71FCD14A400630EA0 /* DetailedBeerViewController.swift */ = {isa = PBXFileReference; lastKnownFileType = sourcecode.swift; path = DetailedBeerViewController.swift; sourceTree = "<group>"; };
		E2EDF7FB1FCCA22800C06320 /* GettingDatFromOnlineExercises.app */ = {isa = PBXFileReference; explicitFileType = wrapper.application; includeInIndex = 0; path = GettingDatFromOnlineExercises.app; sourceTree = BUILT_PRODUCTS_DIR; };
		E2EDF7FE1FCCA22800C06320 /* AppDelegate.swift */ = {isa = PBXFileReference; lastKnownFileType = sourcecode.swift; path = AppDelegate.swift; sourceTree = "<group>"; };
		E2EDF8031FCCA22800C06320 /* Base */ = {isa = PBXFileReference; lastKnownFileType = file.storyboard; name = Base; path = Base.lproj/Main.storyboard; sourceTree = "<group>"; };
		E2EDF8051FCCA22800C06320 /* Assets.xcassets */ = {isa = PBXFileReference; lastKnownFileType = folder.assetcatalog; path = Assets.xcassets; sourceTree = "<group>"; };
		E2EDF8081FCCA22800C06320 /* Base */ = {isa = PBXFileReference; lastKnownFileType = file.storyboard; name = Base; path = Base.lproj/LaunchScreen.storyboard; sourceTree = "<group>"; };
		E2EDF80A1FCCA22800C06320 /* Info.plist */ = {isa = PBXFileReference; lastKnownFileType = text.plist.xml; path = Info.plist; sourceTree = "<group>"; };
		E2EDF8131FCCA2CA00C06320 /* GhibliFilmsViewController.swift */ = {isa = PBXFileReference; lastKnownFileType = sourcecode.swift; path = GhibliFilmsViewController.swift; sourceTree = "<group>"; };
		E2EDF8151FCCA30600C06320 /* Film.swift */ = {isa = PBXFileReference; lastKnownFileType = sourcecode.swift; path = Film.swift; sourceTree = "<group>"; };
		E2EDF8171FCCA31900C06320 /* GhibliFilmAPIClient.swift */ = {isa = PBXFileReference; lastKnownFileType = sourcecode.swift; path = GhibliFilmAPIClient.swift; sourceTree = "<group>"; };
		E2EDF8191FCCA52100C06320 /* NetworkHelper.swift */ = {isa = PBXFileReference; lastKnownFileType = sourcecode.swift; path = NetworkHelper.swift; sourceTree = "<group>"; };
		E2EDF81B1FCCAA6000C06320 /* DetailedGhibliFilmsViewController.swift */ = {isa = PBXFileReference; lastKnownFileType = sourcecode.swift; path = DetailedGhibliFilmsViewController.swift; sourceTree = "<group>"; };
		E2EDF81D1FCCBA0000C06320 /* CurrencyConverterViewController.swift */ = {isa = PBXFileReference; lastKnownFileType = sourcecode.swift; path = CurrencyConverterViewController.swift; sourceTree = "<group>"; };
		E2EDF81F1FCCBB5100C06320 /* Currency.swift */ = {isa = PBXFileReference; lastKnownFileType = sourcecode.swift; path = Currency.swift; sourceTree = "<group>"; };
		E2EDF8211FCCC78400C06320 /* CurrencyAPIClient.swift */ = {isa = PBXFileReference; lastKnownFileType = sourcecode.swift; path = CurrencyAPIClient.swift; sourceTree = "<group>"; };
/* End PBXFileReference section */

/* Begin PBXFrameworksBuildPhase section */
		E2EDF7F81FCCA22800C06320 /* Frameworks */ = {
			isa = PBXFrameworksBuildPhase;
			buildActionMask = 2147483647;
			files = (
			);
			runOnlyForDeploymentPostprocessing = 0;
		};
/* End PBXFrameworksBuildPhase section */

/* Begin PBXGroup section */
		E2EDF7F21FCCA22800C06320 = {
			isa = PBXGroup;
			children = (
				E2EDF7FD1FCCA22800C06320 /* GettingDatFromOnlineExercises */,
				E2EDF7FC1FCCA22800C06320 /* Products */,
			);
			sourceTree = "<group>";
		};
		E2EDF7FC1FCCA22800C06320 /* Products */ = {
			isa = PBXGroup;
			children = (
				E2EDF7FB1FCCA22800C06320 /* GettingDatFromOnlineExercises.app */,
			);
			name = Products;
			sourceTree = "<group>";
		};
		E2EDF7FD1FCCA22800C06320 /* GettingDatFromOnlineExercises */ = {
			isa = PBXGroup;
			children = (
				E2EDF8121FCCA2AF00C06320 /* Models */,
				E2EDF8111FCCA29E00C06320 /* View Controllers */,
				E2EDF8101FCCA25F00C06320 /* Supporting Files */,
				E2EDF8021FCCA22800C06320 /* Main.storyboard */,
				E2EDF80A1FCCA22800C06320 /* Info.plist */,
			);
			path = GettingDatFromOnlineExercises;
			sourceTree = "<group>";
		};
		E2EDF8101FCCA25F00C06320 /* Supporting Files */ = {
			isa = PBXGroup;
			children = (
				E2EDF7FE1FCCA22800C06320 /* AppDelegate.swift */,
				E2EDF8051FCCA22800C06320 /* Assets.xcassets */,
				E2EDF8071FCCA22800C06320 /* LaunchScreen.storyboard */,
			);
			path = "Supporting Files";
			sourceTree = "<group>";
		};
		E2EDF8111FCCA29E00C06320 /* View Controllers */ = {
			isa = PBXGroup;
			children = (
				E2EDF8131FCCA2CA00C06320 /* GhibliFilmsViewController.swift */,
				E2C85EC11FCD0FE900630EA0 /* BeersViewController.swift */,
				E2C85EC71FCD14A400630EA0 /* DetailedBeerViewController.swift */,
				E2EDF81D1FCCBA0000C06320 /* CurrencyConverterViewController.swift */,
				E2EDF81B1FCCAA6000C06320 /* DetailedGhibliFilmsViewController.swift */,
			);
			path = "View Controllers";
			sourceTree = "<group>";
		};
		E2EDF8121FCCA2AF00C06320 /* Models */ = {
			isa = PBXGroup;
			children = (
				E2EDF8151FCCA30600C06320 /* Film.swift */,
				E2EDF8171FCCA31900C06320 /* GhibliFilmAPIClient.swift */,
				E2EDF8191FCCA52100C06320 /* NetworkHelper.swift */,
				E2EDF81F1FCCBB5100C06320 /* Currency.swift */,
				E2EDF8211FCCC78400C06320 /* CurrencyAPIClient.swift */,
				E2C85EC31FCD0FFF00630EA0 /* Beer.swift */,
				E2C85EC51FCD113700630EA0 /* BeerAPIClient.swift */,
			);
			path = Models;
			sourceTree = "<group>";
		};
/* End PBXGroup section */

/* Begin PBXNativeTarget section */
		E2EDF7FA1FCCA22800C06320 /* GettingDatFromOnlineExercises */ = {
			isa = PBXNativeTarget;
			buildConfigurationList = E2EDF80D1FCCA22800C06320 /* Build configuration list for PBXNativeTarget "GettingDatFromOnlineExercises" */;
			buildPhases = (
				E2EDF7F71FCCA22800C06320 /* Sources */,
				E2EDF7F81FCCA22800C06320 /* Frameworks */,
				E2EDF7F91FCCA22800C06320 /* Resources */,
			);
			buildRules = (
			);
			dependencies = (
			);
			name = GettingDatFromOnlineExercises;
			productName = GettingDatFromOnlineExercises;
			productReference = E2EDF7FB1FCCA22800C06320 /* GettingDatFromOnlineExercises.app */;
			productType = "com.apple.product-type.application";
		};
/* End PBXNativeTarget section */

/* Begin PBXProject section */
		E2EDF7F31FCCA22800C06320 /* Project object */ = {
			isa = PBXProject;
			attributes = {
				LastSwiftUpdateCheck = 0900;
				LastUpgradeCheck = 0900;
				ORGANIZATIONNAME = "Luis Calle";
				TargetAttributes = {
					E2EDF7FA1FCCA22800C06320 = {
						CreatedOnToolsVersion = 9.0;
						ProvisioningStyle = Automatic;
					};
				};
			};
			buildConfigurationList = E2EDF7F61FCCA22800C06320 /* Build configuration list for PBXProject "GettingDatFromOnlineExercises" */;
			compatibilityVersion = "Xcode 8.0";
			developmentRegion = en;
			hasScannedForEncodings = 0;
			knownRegions = (
				en,
				Base,
			);
			mainGroup = E2EDF7F21FCCA22800C06320;
			productRefGroup = E2EDF7FC1FCCA22800C06320 /* Products */;
			projectDirPath = "";
			projectRoot = "";
			targets = (
				E2EDF7FA1FCCA22800C06320 /* GettingDatFromOnlineExercises */,
			);
		};
/* End PBXProject section */

/* Begin PBXResourcesBuildPhase section */
		E2EDF7F91FCCA22800C06320 /* Resources */ = {
			isa = PBXResourcesBuildPhase;
			buildActionMask = 2147483647;
			files = (
				E2EDF8091FCCA22800C06320 /* LaunchScreen.storyboard in Resources */,
				E2EDF8061FCCA22800C06320 /* Assets.xcassets in Resources */,
				E2EDF8041FCCA22800C06320 /* Main.storyboard in Resources */,
			);
			runOnlyForDeploymentPostprocessing = 0;
		};
/* End PBXResourcesBuildPhase section */

/* Begin PBXSourcesBuildPhase section */
		E2EDF7F71FCCA22800C06320 /* Sources */ = {
			isa = PBXSourcesBuildPhase;
			buildActionMask = 2147483647;
			files = (
				E2EDF8181FCCA31900C06320 /* GhibliFilmAPIClient.swift in Sources */,
				E2EDF81C1FCCAA6000C06320 /* DetailedGhibliFilmsViewController.swift in Sources */,
				E2EDF8221FCCC78400C06320 /* CurrencyAPIClient.swift in Sources */,
				E2C85EC41FCD0FFF00630EA0 /* Beer.swift in Sources */,
				E2EDF7FF1FCCA22800C06320 /* AppDelegate.swift in Sources */,
				E2C85EC21FCD0FE900630EA0 /* BeersViewController.swift in Sources */,
				E2EDF81A1FCCA52100C06320 /* NetworkHelper.swift in Sources */,
				E2EDF8201FCCBB5100C06320 /* Currency.swift in Sources */,
				E2EDF8161FCCA30600C06320 /* Film.swift in Sources */,
				E2C85EC61FCD113700630EA0 /* BeerAPIClient.swift in Sources */,
				E2C85EC81FCD14A400630EA0 /* DetailedBeerViewController.swift in Sources */,
				E2EDF8141FCCA2CA00C06320 /* GhibliFilmsViewController.swift in Sources */,
				E2EDF81E1FCCBA0000C06320 /* CurrencyConverterViewController.swift in Sources */,
			);
			runOnlyForDeploymentPostprocessing = 0;
		};
/* End PBXSourcesBuildPhase section */

/* Begin PBXVariantGroup section */
		E2EDF8021FCCA22800C06320 /* Main.storyboard */ = {
			isa = PBXVariantGroup;
			children = (
				E2EDF8031FCCA22800C06320 /* Base */,
			);
			name = Main.storyboard;
			sourceTree = "<group>";
		};
		E2EDF8071FCCA22800C06320 /* LaunchScreen.storyboard */ = {
			isa = PBXVariantGroup;
			children = (
				E2EDF8081FCCA22800C06320 /* Base */,
			);
			name = LaunchScreen.storyboard;
			sourceTree = "<group>";
		};
/* End PBXVariantGroup section */

/* Begin XCBuildConfiguration section */
		E2EDF80B1FCCA22800C06320 /* Debug */ = {
			isa = XCBuildConfiguration;
			buildSettings = {
				ALWAYS_SEARCH_USER_PATHS = NO;
				CLANG_ANALYZER_NONNULL = YES;
				CLANG_ANALYZER_NUMBER_OBJECT_CONVERSION = YES_AGGRESSIVE;
				CLANG_CXX_LANGUAGE_STANDARD = "gnu++14";
				CLANG_CXX_LIBRARY = "libc++";
				CLANG_ENABLE_MODULES = YES;
				CLANG_ENABLE_OBJC_ARC = YES;
				CLANG_WARN_BLOCK_CAPTURE_AUTORELEASING = YES;
				CLANG_WARN_BOOL_CONVERSION = YES;
				CLANG_WARN_COMMA = YES;
				CLANG_WARN_CONSTANT_CONVERSION = YES;
				CLANG_WARN_DIRECT_OBJC_ISA_USAGE = YES_ERROR;
				CLANG_WARN_DOCUMENTATION_COMMENTS = YES;
				CLANG_WARN_EMPTY_BODY = YES;
				CLANG_WARN_ENUM_CONVERSION = YES;
				CLANG_WARN_INFINITE_RECURSION = YES;
				CLANG_WARN_INT_CONVERSION = YES;
				CLANG_WARN_NON_LITERAL_NULL_CONVERSION = YES;
				CLANG_WARN_OBJC_LITERAL_CONVERSION = YES;
				CLANG_WARN_OBJC_ROOT_CLASS = YES_ERROR;
				CLANG_WARN_RANGE_LOOP_ANALYSIS = YES;
				CLANG_WARN_STRICT_PROTOTYPES = YES;
				CLANG_WARN_SUSPICIOUS_MOVE = YES;
				CLANG_WARN_UNGUARDED_AVAILABILITY = YES_AGGRESSIVE;
				CLANG_WARN_UNREACHABLE_CODE = YES;
				CLANG_WARN__DUPLICATE_METHOD_MATCH = YES;
				CODE_SIGN_IDENTITY = "iPhone Developer";
				COPY_PHASE_STRIP = NO;
				DEBUG_INFORMATION_FORMAT = dwarf;
				ENABLE_STRICT_OBJC_MSGSEND = YES;
				ENABLE_TESTABILITY = YES;
				GCC_C_LANGUAGE_STANDARD = gnu11;
				GCC_DYNAMIC_NO_PIC = NO;
				GCC_NO_COMMON_BLOCKS = YES;
				GCC_OPTIMIZATION_LEVEL = 0;
				GCC_PREPROCESSOR_DEFINITIONS = (
					"DEBUG=1",
					"$(inherited)",
				);
				GCC_WARN_64_TO_32_BIT_CONVERSION = YES;
				GCC_WARN_ABOUT_RETURN_TYPE = YES_ERROR;
				GCC_WARN_UNDECLARED_SELECTOR = YES;
				GCC_WARN_UNINITIALIZED_AUTOS = YES_AGGRESSIVE;
				GCC_WARN_UNUSED_FUNCTION = YES;
				GCC_WARN_UNUSED_VARIABLE = YES;
				IPHONEOS_DEPLOYMENT_TARGET = 11.0;
				MTL_ENABLE_DEBUG_INFO = YES;
				ONLY_ACTIVE_ARCH = YES;
				SDKROOT = iphoneos;
				SWIFT_ACTIVE_COMPILATION_CONDITIONS = DEBUG;
				SWIFT_OPTIMIZATION_LEVEL = "-Onone";
			};
			name = Debug;
		};
		E2EDF80C1FCCA22800C06320 /* Release */ = {
			isa = XCBuildConfiguration;
			buildSettings = {
				ALWAYS_SEARCH_USER_PATHS = NO;
				CLANG_ANALYZER_NONNULL = YES;
				CLANG_ANALYZER_NUMBER_OBJECT_CONVERSION = YES_AGGRESSIVE;
				CLANG_CXX_LANGUAGE_STANDARD = "gnu++14";
				CLANG_CXX_LIBRARY = "libc++";
				CLANG_ENABLE_MODULES = YES;
				CLANG_ENABLE_OBJC_ARC = YES;
				CLANG_WARN_BLOCK_CAPTURE_AUTORELEASING = YES;
				CLANG_WARN_BOOL_CONVERSION = YES;
				CLANG_WARN_COMMA = YES;
				CLANG_WARN_CONSTANT_CONVERSION = YES;
				CLANG_WARN_DIRECT_OBJC_ISA_USAGE = YES_ERROR;
				CLANG_WARN_DOCUMENTATION_COMMENTS = YES;
				CLANG_WARN_EMPTY_BODY = YES;
				CLANG_WARN_ENUM_CONVERSION = YES;
				CLANG_WARN_INFINITE_RECURSION = YES;
				CLANG_WARN_INT_CONVERSION = YES;
				CLANG_WARN_NON_LITERAL_NULL_CONVERSION = YES;
				CLANG_WARN_OBJC_LITERAL_CONVERSION = YES;
				CLANG_WARN_OBJC_ROOT_CLASS = YES_ERROR;
				CLANG_WARN_RANGE_LOOP_ANALYSIS = YES;
				CLANG_WARN_STRICT_PROTOTYPES = YES;
				CLANG_WARN_SUSPICIOUS_MOVE = YES;
				CLANG_WARN_UNGUARDED_AVAILABILITY = YES_AGGRESSIVE;
				CLANG_WARN_UNREACHABLE_CODE = YES;
				CLANG_WARN__DUPLICATE_METHOD_MATCH = YES;
				CODE_SIGN_IDENTITY = "iPhone Developer";
				COPY_PHASE_STRIP = NO;
				DEBUG_INFORMATION_FORMAT = "dwarf-with-dsym";
				ENABLE_NS_ASSERTIONS = NO;
				ENABLE_STRICT_OBJC_MSGSEND = YES;
				GCC_C_LANGUAGE_STANDARD = gnu11;
				GCC_NO_COMMON_BLOCKS = YES;
				GCC_WARN_64_TO_32_BIT_CONVERSION = YES;
				GCC_WARN_ABOUT_RETURN_TYPE = YES_ERROR;
				GCC_WARN_UNDECLARED_SELECTOR = YES;
				GCC_WARN_UNINITIALIZED_AUTOS = YES_AGGRESSIVE;
				GCC_WARN_UNUSED_FUNCTION = YES;
				GCC_WARN_UNUSED_VARIABLE = YES;
				IPHONEOS_DEPLOYMENT_TARGET = 11.0;
				MTL_ENABLE_DEBUG_INFO = NO;
				SDKROOT = iphoneos;
				SWIFT_OPTIMIZATION_LEVEL = "-Owholemodule";
				VALIDATE_PRODUCT = YES;
			};
			name = Release;
		};
		E2EDF80E1FCCA22800C06320 /* Debug */ = {
			isa = XCBuildConfiguration;
			buildSettings = {
				ASSETCATALOG_COMPILER_APPICON_NAME = AppIcon;
				CODE_SIGN_STYLE = Automatic;
				INFOPLIST_FILE = GettingDatFromOnlineExercises/Info.plist;
				LD_RUNPATH_SEARCH_PATHS = "$(inherited) @executable_path/Frameworks";
				PRODUCT_BUNDLE_IDENTIFIER = Lucho.GettingDatFromOnlineExercises;
				PRODUCT_NAME = "$(TARGET_NAME)";
				SWIFT_VERSION = 4.0;
				TARGETED_DEVICE_FAMILY = "1,2";
			};
			name = Debug;
		};
		E2EDF80F1FCCA22800C06320 /* Release */ = {
			isa = XCBuildConfiguration;
			buildSettings = {
				ASSETCATALOG_COMPILER_APPICON_NAME = AppIcon;
				CODE_SIGN_STYLE = Automatic;
				INFOPLIST_FILE = GettingDatFromOnlineExercises/Info.plist;
				LD_RUNPATH_SEARCH_PATHS = "$(inherited) @executable_path/Frameworks";
				PRODUCT_BUNDLE_IDENTIFIER = Lucho.GettingDatFromOnlineExercises;
				PRODUCT_NAME = "$(TARGET_NAME)";
				SWIFT_VERSION = 4.0;
				TARGETED_DEVICE_FAMILY = "1,2";
			};
			name = Release;
		};
/* End XCBuildConfiguration section */

/* Begin XCConfigurationList section */
		E2EDF7F61FCCA22800C06320 /* Build configuration list for PBXProject "GettingDatFromOnlineExercises" */ = {
			isa = XCConfigurationList;
			buildConfigurations = (
				E2EDF80B1FCCA22800C06320 /* Debug */,
				E2EDF80C1FCCA22800C06320 /* Release */,
			);
			defaultConfigurationIsVisible = 0;
			defaultConfigurationName = Release;
		};
		E2EDF80D1FCCA22800C06320 /* Build configuration list for PBXNativeTarget "GettingDatFromOnlineExercises" */ = {
			isa = XCConfigurationList;
			buildConfigurations = (
				E2EDF80E1FCCA22800C06320 /* Debug */,
				E2EDF80F1FCCA22800C06320 /* Release */,
			);
			defaultConfigurationIsVisible = 0;
			defaultConfigurationName = Release;
		};
/* End XCConfigurationList section */
	};
	rootObject = E2EDF7F31FCCA22800C06320 /* Project object */;
}
